// !$*UTF8*$!
{
	archiveVersion = 1;
	classes = {
	};
	objectVersion = 46;
	objects = {

/* Begin PBXBuildFile section */
		AC5C6D5D1F022F0200FF13E4 /* main.m in Sources */ = {isa = PBXBuildFile; fileRef = AC5C6D5C1F022F0200FF13E4 /* main.m */; };
		AC5C6D601F022F0200FF13E4 /* AppDelegate.m in Sources */ = {isa = PBXBuildFile; fileRef = AC5C6D5F1F022F0200FF13E4 /* AppDelegate.m */; };
		AC5C6D631F022F0200FF13E4 /* ViewController.m in Sources */ = {isa = PBXBuildFile; fileRef = AC5C6D621F022F0200FF13E4 /* ViewController.m */; };
		AC5C6D661F022F0200FF13E4 /* Main.storyboard in Resources */ = {isa = PBXBuildFile; fileRef = AC5C6D641F022F0200FF13E4 /* Main.storyboard */; };
		AC5C6D681F022F0200FF13E4 /* Assets.xcassets in Resources */ = {isa = PBXBuildFile; fileRef = AC5C6D671F022F0200FF13E4 /* Assets.xcassets */; };
		AC5C6D6B1F022F0200FF13E4 /* LaunchScreen.storyboard in Resources */ = {isa = PBXBuildFile; fileRef = AC5C6D691F022F0200FF13E4 /* LaunchScreen.storyboard */; };
		AC5C6D751F02327E00FF13E4 /* YZInputView.m in Sources */ = {isa = PBXBuildFile; fileRef = AC5C6D741F02327E00FF13E4 /* YZInputView.m */; };
		AC5C6D781F0233E900FF13E4 /* ChatViewController.m in Sources */ = {isa = PBXBuildFile; fileRef = AC5C6D771F0233E900FF13E4 /* ChatViewController.m */; };
		AC5C6D8E1F023A7700FF13E4 /* Emotion.bundle in Resources */ = {isa = PBXBuildFile; fileRef = AC5C6D7B1F023A7700FF13E4 /* Emotion.bundle */; };
		AC5C6D8F1F023A7700FF13E4 /* emotion.plist in Resources */ = {isa = PBXBuildFile; fileRef = AC5C6D7C1F023A7700FF13E4 /* emotion.plist */; };
		AC5C6D901F023A7700FF13E4 /* emotionToText.plist in Resources */ = {isa = PBXBuildFile; fileRef = AC5C6D7D1F023A7700FF13E4 /* emotionToText.plist */; };
		AC5C6D911F023A7700FF13E4 /* UITextField+YZEmotion.m in Sources */ = {isa = PBXBuildFile; fileRef = AC5C6D7F1F023A7700FF13E4 /* UITextField+YZEmotion.m */; };
		AC5C6D921F023A7700FF13E4 /* UITextView+YZEmotion.m in Sources */ = {isa = PBXBuildFile; fileRef = AC5C6D811F023A7700FF13E4 /* UITextView+YZEmotion.m */; };
		AC5C6D931F023A7700FF13E4 /* YZEmotionCell.m in Sources */ = {isa = PBXBuildFile; fileRef = AC5C6D831F023A7700FF13E4 /* YZEmotionCell.m */; };
		AC5C6D941F023A7700FF13E4 /* YZEmotionCell.xib in Resources */ = {isa = PBXBuildFile; fileRef = AC5C6D841F023A7700FF13E4 /* YZEmotionCell.xib */; };
		AC5C6D951F023A7700FF13E4 /* YZEmotionKeyboard.m in Sources */ = {isa = PBXBuildFile; fileRef = AC5C6D861F023A7700FF13E4 /* YZEmotionKeyboard.m */; };
		AC5C6D961F023A7700FF13E4 /* YZEmotionKeyboard.xib in Resources */ = {isa = PBXBuildFile; fileRef = AC5C6D871F023A7700FF13E4 /* YZEmotionKeyboard.xib */; };
		AC5C6D971F023A7700FF13E4 /* YZEmotionManager.m in Sources */ = {isa = PBXBuildFile; fileRef = AC5C6D891F023A7700FF13E4 /* YZEmotionManager.m */; };
		AC5C6D981F023A7700FF13E4 /* YZEmotionPageCell.m in Sources */ = {isa = PBXBuildFile; fileRef = AC5C6D8B1F023A7700FF13E4 /* YZEmotionPageCell.m */; };
		AC5C6D991F023A7700FF13E4 /* YZTextAttachment.m in Sources */ = {isa = PBXBuildFile; fileRef = AC5C6D8D1F023A7700FF13E4 /* YZTextAttachment.m */; };
		AC5C6D9C1F023C9300FF13E4 /* UIView+Frame.m in Sources */ = {isa = PBXBuildFile; fileRef = AC5C6D9B1F023C9300FF13E4 /* UIView+Frame.m */; };
		AC5C6DA01F0251CA00FF13E4 /* ChatTableViewCell.m in Sources */ = {isa = PBXBuildFile; fileRef = AC5C6D9F1F0251CA00FF13E4 /* ChatTableViewCell.m */; };
		AC5E085D1F03448500206E9D /* RCDCustomerServiceViewController.m in Sources */ = {isa = PBXBuildFile; fileRef = AC5E085C1F03448500206E9D /* RCDCustomerServiceViewController.m */; };
		AC5E08621F03587C00206E9D /* chat smile.png in Resources */ = {isa = PBXBuildFile; fileRef = AC5E085F1F03587C00206E9D /* chat smile.png */; };
		AC5E08631F03587C00206E9D /* chat smile@2x.png in Resources */ = {isa = PBXBuildFile; fileRef = AC5E08601F03587C00206E9D /* chat smile@2x.png */; };
		AC5E08641F03587C00206E9D /* chat smile@3x.png in Resources */ = {isa = PBXBuildFile; fileRef = AC5E08611F03587C00206E9D /* chat smile@3x.png */; };
		AC5E08681F0383F700206E9D /* 名字注意修改.png in Resources */ = {isa = PBXBuildFile; fileRef = AC5E08651F0383F700206E9D /* 名字注意修改.png */; };
		AC5E08691F0383F700206E9D /* 名字注意修改@2x.png in Resources */ = {isa = PBXBuildFile; fileRef = AC5E08661F0383F700206E9D /* 名字注意修改@2x.png */; };
		AC5E086A1F0383F700206E9D /* 名字注意修改@3x.png in Resources */ = {isa = PBXBuildFile; fileRef = AC5E08671F0383F700206E9D /* 名字注意修改@3x.png */; };
		AC5E086E1F03840A00206E9D /* input area.png in Resources */ = {isa = PBXBuildFile; fileRef = AC5E086B1F03840A00206E9D /* input area.png */; };
		AC5E086F1F03840A00206E9D /* input area@2x.png in Resources */ = {isa = PBXBuildFile; fileRef = AC5E086C1F03840A00206E9D /* input area@2x.png */; };
		AC5E08701F03840A00206E9D /* input area@3x.png in Resources */ = {isa = PBXBuildFile; fileRef = AC5E086D1F03840A00206E9D /* input area@3x.png */; };
		AC5E08741F0388A100206E9D /* BG.png in Resources */ = {isa = PBXBuildFile; fileRef = AC5E08711F0388A100206E9D /* BG.png */; };
		AC5E08751F0388A100206E9D /* BG@2x.png in Resources */ = {isa = PBXBuildFile; fileRef = AC5E08721F0388A100206E9D /* BG@2x.png */; };
		AC5E08761F0388A100206E9D /* BG@3x.png in Resources */ = {isa = PBXBuildFile; fileRef = AC5E08731F0388A100206E9D /* BG@3x.png */; };
		F527B3071CDF1CA17F12D14D /* libPods-融云客服测试.a in Frameworks */ = {isa = PBXBuildFile; fileRef = 758CA70FF18AFF2A39D4EA0F /* libPods-融云客服测试.a */; };
/* End PBXBuildFile section */

/* Begin PBXFileReference section */
		758CA70FF18AFF2A39D4EA0F /* libPods-融云客服测试.a */ = {isa = PBXFileReference; explicitFileType = archive.ar; includeInIndex = 0; path = "libPods-融云客服测试.a"; sourceTree = BUILT_PRODUCTS_DIR; };
		8CC545AD2823C162F0E560F3 /* Pods-融云客服测试.release.xcconfig */ = {isa = PBXFileReference; includeInIndex = 1; lastKnownFileType = text.xcconfig; name = "Pods-融云客服测试.release.xcconfig"; path = "Pods/Target Support Files/Pods-融云客服测试/Pods-融云客服测试.release.xcconfig"; sourceTree = "<group>"; };
		AC5C6D581F022F0200FF13E4 /* 融云客服测试.app */ = {isa = PBXFileReference; explicitFileType = wrapper.application; includeInIndex = 0; path = "融云客服测试.app"; sourceTree = BUILT_PRODUCTS_DIR; };
		AC5C6D5C1F022F0200FF13E4 /* main.m */ = {isa = PBXFileReference; lastKnownFileType = sourcecode.c.objc; path = main.m; sourceTree = "<group>"; };
		AC5C6D5E1F022F0200FF13E4 /* AppDelegate.h */ = {isa = PBXFileReference; lastKnownFileType = sourcecode.c.h; path = AppDelegate.h; sourceTree = "<group>"; };
		AC5C6D5F1F022F0200FF13E4 /* AppDelegate.m */ = {isa = PBXFileReference; lastKnownFileType = sourcecode.c.objc; path = AppDelegate.m; sourceTree = "<group>"; };
		AC5C6D611F022F0200FF13E4 /* ViewController.h */ = {isa = PBXFileReference; lastKnownFileType = sourcecode.c.h; path = ViewController.h; sourceTree = "<group>"; };
		AC5C6D621F022F0200FF13E4 /* ViewController.m */ = {isa = PBXFileReference; lastKnownFileType = sourcecode.c.objc; path = ViewController.m; sourceTree = "<group>"; };
		AC5C6D651F022F0200FF13E4 /* Base */ = {isa = PBXFileReference; lastKnownFileType = file.storyboard; name = Base; path = Base.lproj/Main.storyboard; sourceTree = "<group>"; };
		AC5C6D671F022F0200FF13E4 /* Assets.xcassets */ = {isa = PBXFileReference; lastKnownFileType = folder.assetcatalog; path = Assets.xcassets; sourceTree = "<group>"; };
		AC5C6D6A1F022F0200FF13E4 /* Base */ = {isa = PBXFileReference; lastKnownFileType = file.storyboard; name = Base; path = Base.lproj/LaunchScreen.storyboard; sourceTree = "<group>"; };
		AC5C6D6C1F022F0200FF13E4 /* Info.plist */ = {isa = PBXFileReference; lastKnownFileType = text.plist.xml; path = Info.plist; sourceTree = "<group>"; };
		AC5C6D731F02327E00FF13E4 /* YZInputView.h */ = {isa = PBXFileReference; fileEncoding = 4; lastKnownFileType = sourcecode.c.h; path = YZInputView.h; sourceTree = "<group>"; };
		AC5C6D741F02327E00FF13E4 /* YZInputView.m */ = {isa = PBXFileReference; fileEncoding = 4; lastKnownFileType = sourcecode.c.objc; path = YZInputView.m; sourceTree = "<group>"; };
		AC5C6D761F0233E900FF13E4 /* ChatViewController.h */ = {isa = PBXFileReference; fileEncoding = 4; lastKnownFileType = sourcecode.c.h; path = ChatViewController.h; sourceTree = "<group>"; };
		AC5C6D771F0233E900FF13E4 /* ChatViewController.m */ = {isa = PBXFileReference; fileEncoding = 4; lastKnownFileType = sourcecode.c.objc; path = ChatViewController.m; sourceTree = "<group>"; };
		AC5C6D7B1F023A7700FF13E4 /* Emotion.bundle */ = {isa = PBXFileReference; lastKnownFileType = "wrapper.plug-in"; path = Emotion.bundle; sourceTree = "<group>"; };
		AC5C6D7C1F023A7700FF13E4 /* emotion.plist */ = {isa = PBXFileReference; fileEncoding = 4; lastKnownFileType = text.plist.xml; path = emotion.plist; sourceTree = "<group>"; };
		AC5C6D7D1F023A7700FF13E4 /* emotionToText.plist */ = {isa = PBXFileReference; fileEncoding = 4; lastKnownFileType = text.plist.xml; path = emotionToText.plist; sourceTree = "<group>"; };
		AC5C6D7E1F023A7700FF13E4 /* UITextField+YZEmotion.h */ = {isa = PBXFileReference; fileEncoding = 4; lastKnownFileType = sourcecode.c.h; path = "UITextField+YZEmotion.h"; sourceTree = "<group>"; };
		AC5C6D7F1F023A7700FF13E4 /* UITextField+YZEmotion.m */ = {isa = PBXFileReference; fileEncoding = 4; lastKnownFileType = sourcecode.c.objc; path = "UITextField+YZEmotion.m"; sourceTree = "<group>"; };
		AC5C6D801F023A7700FF13E4 /* UITextView+YZEmotion.h */ = {isa = PBXFileReference; fileEncoding = 4; lastKnownFileType = sourcecode.c.h; path = "UITextView+YZEmotion.h"; sourceTree = "<group>"; };
		AC5C6D811F023A7700FF13E4 /* UITextView+YZEmotion.m */ = {isa = PBXFileReference; fileEncoding = 4; lastKnownFileType = sourcecode.c.objc; path = "UITextView+YZEmotion.m"; sourceTree = "<group>"; };
		AC5C6D821F023A7700FF13E4 /* YZEmotionCell.h */ = {isa = PBXFileReference; fileEncoding = 4; lastKnownFileType = sourcecode.c.h; path = YZEmotionCell.h; sourceTree = "<group>"; };
		AC5C6D831F023A7700FF13E4 /* YZEmotionCell.m */ = {isa = PBXFileReference; fileEncoding = 4; lastKnownFileType = sourcecode.c.objc; path = YZEmotionCell.m; sourceTree = "<group>"; };
		AC5C6D841F023A7700FF13E4 /* YZEmotionCell.xib */ = {isa = PBXFileReference; fileEncoding = 4; lastKnownFileType = file.xib; path = YZEmotionCell.xib; sourceTree = "<group>"; };
		AC5C6D851F023A7700FF13E4 /* YZEmotionKeyboard.h */ = {isa = PBXFileReference; fileEncoding = 4; lastKnownFileType = sourcecode.c.h; path = YZEmotionKeyboard.h; sourceTree = "<group>"; };
		AC5C6D861F023A7700FF13E4 /* YZEmotionKeyboard.m */ = {isa = PBXFileReference; fileEncoding = 4; lastKnownFileType = sourcecode.c.objc; path = YZEmotionKeyboard.m; sourceTree = "<group>"; };
		AC5C6D871F023A7700FF13E4 /* YZEmotionKeyboard.xib */ = {isa = PBXFileReference; fileEncoding = 4; lastKnownFileType = file.xib; path = YZEmotionKeyboard.xib; sourceTree = "<group>"; };
		AC5C6D881F023A7700FF13E4 /* YZEmotionManager.h */ = {isa = PBXFileReference; fileEncoding = 4; lastKnownFileType = sourcecode.c.h; path = YZEmotionManager.h; sourceTree = "<group>"; };
		AC5C6D891F023A7700FF13E4 /* YZEmotionManager.m */ = {isa = PBXFileReference; fileEncoding = 4; lastKnownFileType = sourcecode.c.objc; path = YZEmotionManager.m; sourceTree = "<group>"; };
		AC5C6D8A1F023A7700FF13E4 /* YZEmotionPageCell.h */ = {isa = PBXFileReference; fileEncoding = 4; lastKnownFileType = sourcecode.c.h; path = YZEmotionPageCell.h; sourceTree = "<group>"; };
		AC5C6D8B1F023A7700FF13E4 /* YZEmotionPageCell.m */ = {isa = PBXFileReference; fileEncoding = 4; lastKnownFileType = sourcecode.c.objc; path = YZEmotionPageCell.m; sourceTree = "<group>"; };
		AC5C6D8C1F023A7700FF13E4 /* YZTextAttachment.h */ = {isa = PBXFileReference; fileEncoding = 4; lastKnownFileType = sourcecode.c.h; path = YZTextAttachment.h; sourceTree = "<group>"; };
		AC5C6D8D1F023A7700FF13E4 /* YZTextAttachment.m */ = {isa = PBXFileReference; fileEncoding = 4; lastKnownFileType = sourcecode.c.objc; path = YZTextAttachment.m; sourceTree = "<group>"; };
		AC5C6D9A1F023C9300FF13E4 /* UIView+Frame.h */ = {isa = PBXFileReference; fileEncoding = 4; lastKnownFileType = sourcecode.c.h; path = "UIView+Frame.h"; sourceTree = "<group>"; };
		AC5C6D9B1F023C9300FF13E4 /* UIView+Frame.m */ = {isa = PBXFileReference; fileEncoding = 4; lastKnownFileType = sourcecode.c.objc; path = "UIView+Frame.m"; sourceTree = "<group>"; };
		AC5C6D9D1F02429F00FF13E4 /* PrefixHeader.pch */ = {isa = PBXFileReference; lastKnownFileType = sourcecode.c.h; path = PrefixHeader.pch; sourceTree = "<group>"; };
		AC5C6D9E1F0251CA00FF13E4 /* ChatTableViewCell.h */ = {isa = PBXFileReference; fileEncoding = 4; lastKnownFileType = sourcecode.c.h; path = ChatTableViewCell.h; sourceTree = "<group>"; };
		AC5C6D9F1F0251CA00FF13E4 /* ChatTableViewCell.m */ = {isa = PBXFileReference; fileEncoding = 4; lastKnownFileType = sourcecode.c.objc; path = ChatTableViewCell.m; sourceTree = "<group>"; };
		AC5E085B1F03448500206E9D /* RCDCustomerServiceViewController.h */ = {isa = PBXFileReference; fileEncoding = 4; lastKnownFileType = sourcecode.c.h; path = RCDCustomerServiceViewController.h; sourceTree = "<group>"; };
		AC5E085C1F03448500206E9D /* RCDCustomerServiceViewController.m */ = {isa = PBXFileReference; fileEncoding = 4; lastKnownFileType = sourcecode.c.objc; path = RCDCustomerServiceViewController.m; sourceTree = "<group>"; };
		AC5E085F1F03587C00206E9D /* chat smile.png */ = {isa = PBXFileReference; lastKnownFileType = image.png; path = "chat smile.png"; sourceTree = "<group>"; };
		AC5E08601F03587C00206E9D /* chat smile@2x.png */ = {isa = PBXFileReference; lastKnownFileType = image.png; path = "chat smile@2x.png"; sourceTree = "<group>"; };
		AC5E08611F03587C00206E9D /* chat smile@3x.png */ = {isa = PBXFileReference; lastKnownFileType = image.png; path = "chat smile@3x.png"; sourceTree = "<group>"; };
		AC5E08651F0383F700206E9D /* 名字注意修改.png */ = {isa = PBXFileReference; lastKnownFileType = image.png; path = "名字注意修改.png"; sourceTree = "<group>"; };
		AC5E08661F0383F700206E9D /* 名字注意修改@2x.png */ = {isa = PBXFileReference; lastKnownFileType = image.png; path = "名字注意修改@2x.png"; sourceTree = "<group>"; };
		AC5E08671F0383F700206E9D /* 名字注意修改@3x.png */ = {isa = PBXFileReference; lastKnownFileType = image.png; path = "名字注意修改@3x.png"; sourceTree = "<group>"; };
		AC5E086B1F03840A00206E9D /* input area.png */ = {isa = PBXFileReference; lastKnownFileType = image.png; path = "input area.png"; sourceTree = "<group>"; };
		AC5E086C1F03840A00206E9D /* input area@2x.png */ = {isa = PBXFileReference; lastKnownFileType = image.png; path = "input area@2x.png"; sourceTree = "<group>"; };
		AC5E086D1F03840A00206E9D /* input area@3x.png */ = {isa = PBXFileReference; lastKnownFileType = image.png; path = "input area@3x.png"; sourceTree = "<group>"; };
		AC5E08711F0388A100206E9D /* BG.png */ = {isa = PBXFileReference; lastKnownFileType = image.png; path = BG.png; sourceTree = "<group>"; };
		AC5E08721F0388A100206E9D /* BG@2x.png */ = {isa = PBXFileReference; lastKnownFileType = image.png; path = "BG@2x.png"; sourceTree = "<group>"; };
		AC5E08731F0388A100206E9D /* BG@3x.png */ = {isa = PBXFileReference; lastKnownFileType = image.png; path = "BG@3x.png"; sourceTree = "<group>"; };
		E6D4798CDE2F91F805E52B0F /* Pods-融云客服测试.debug.xcconfig */ = {isa = PBXFileReference; includeInIndex = 1; lastKnownFileType = text.xcconfig; name = "Pods-融云客服测试.debug.xcconfig"; path = "Pods/Target Support Files/Pods-融云客服测试/Pods-融云客服测试.debug.xcconfig"; sourceTree = "<group>"; };
/* End PBXFileReference section */

/* Begin PBXFrameworksBuildPhase section */
		AC5C6D551F022F0200FF13E4 /* Frameworks */ = {
			isa = PBXFrameworksBuildPhase;
			buildActionMask = 2147483647;
			files = (
				F527B3071CDF1CA17F12D14D /* libPods-融云客服测试.a in Frameworks */,
			);
			runOnlyForDeploymentPostprocessing = 0;
		};
/* End PBXFrameworksBuildPhase section */

/* Begin PBXGroup section */
		80D6BE80F7D1213FB5833063 /* Pods */ = {
			isa = PBXGroup;
			children = (
				E6D4798CDE2F91F805E52B0F /* Pods-融云客服测试.debug.xcconfig */,
				8CC545AD2823C162F0E560F3 /* Pods-融云客服测试.release.xcconfig */,
			);
			name = Pods;
			sourceTree = "<group>";
		};
		AC5C6D4F1F022F0200FF13E4 = {
			isa = PBXGroup;
			children = (
				AC5C6D5A1F022F0200FF13E4 /* 融云客服测试 */,
				AC5C6D591F022F0200FF13E4 /* Products */,
				80D6BE80F7D1213FB5833063 /* Pods */,
				F125F52607401527857F437C /* Frameworks */,
			);
			sourceTree = "<group>";
		};
		AC5C6D591F022F0200FF13E4 /* Products */ = {
			isa = PBXGroup;
			children = (
				AC5C6D581F022F0200FF13E4 /* 融云客服测试.app */,
			);
			name = Products;
			sourceTree = "<group>";
		};
		AC5C6D5A1F022F0200FF13E4 /* 融云客服测试 */ = {
			isa = PBXGroup;
			children = (
				AC5E085E1F03587C00206E9D /* image */,
				AC5C6D791F023A7700FF13E4 /* YZEmotionKeyboard */,
				AC5C6D721F02327E00FF13E4 /* InputView */,
				AC5C6D5E1F022F0200FF13E4 /* AppDelegate.h */,
				AC5C6D5F1F022F0200FF13E4 /* AppDelegate.m */,
				AC5C6D611F022F0200FF13E4 /* ViewController.h */,
				AC5C6D621F022F0200FF13E4 /* ViewController.m */,
				AC5C6D641F022F0200FF13E4 /* Main.storyboard */,
				AC5C6D761F0233E900FF13E4 /* ChatViewController.h */,
				AC5C6D771F0233E900FF13E4 /* ChatViewController.m */,
				AC5C6D9E1F0251CA00FF13E4 /* ChatTableViewCell.h */,
				AC5C6D9F1F0251CA00FF13E4 /* ChatTableViewCell.m */,
				AC5C6D671F022F0200FF13E4 /* Assets.xcassets */,
				AC5C6D691F022F0200FF13E4 /* LaunchScreen.storyboard */,
				AC5C6D6C1F022F0200FF13E4 /* Info.plist */,
				AC5E085A1F03448500206E9D /* CustomVC */,
				AC5C6D5B1F022F0200FF13E4 /* Supporting Files */,
			);
			path = "融云客服测试";
			sourceTree = "<group>";
		};
		AC5C6D5B1F022F0200FF13E4 /* Supporting Files */ = {
			isa = PBXGroup;
			children = (
				AC5C6D9A1F023C9300FF13E4 /* UIView+Frame.h */,
				AC5C6D9B1F023C9300FF13E4 /* UIView+Frame.m */,
				AC5C6D5C1F022F0200FF13E4 /* main.m */,
				AC5C6D9D1F02429F00FF13E4 /* PrefixHeader.pch */,
			);
			name = "Supporting Files";
			sourceTree = "<group>";
		};
		AC5C6D721F02327E00FF13E4 /* InputView */ = {
			isa = PBXGroup;
			children = (
				AC5C6D731F02327E00FF13E4 /* YZInputView.h */,
				AC5C6D741F02327E00FF13E4 /* YZInputView.m */,
			);
			path = InputView;
			sourceTree = "<group>";
		};
		AC5C6D791F023A7700FF13E4 /* YZEmotionKeyboard */ = {
			isa = PBXGroup;
			children = (
				AC5C6D7A1F023A7700FF13E4 /* Resource */,
				AC5C6D7E1F023A7700FF13E4 /* UITextField+YZEmotion.h */,
				AC5C6D7F1F023A7700FF13E4 /* UITextField+YZEmotion.m */,
				AC5C6D801F023A7700FF13E4 /* UITextView+YZEmotion.h */,
				AC5C6D811F023A7700FF13E4 /* UITextView+YZEmotion.m */,
				AC5C6D821F023A7700FF13E4 /* YZEmotionCell.h */,
				AC5C6D831F023A7700FF13E4 /* YZEmotionCell.m */,
				AC5C6D841F023A7700FF13E4 /* YZEmotionCell.xib */,
				AC5C6D851F023A7700FF13E4 /* YZEmotionKeyboard.h */,
				AC5C6D861F023A7700FF13E4 /* YZEmotionKeyboard.m */,
				AC5C6D871F023A7700FF13E4 /* YZEmotionKeyboard.xib */,
				AC5C6D881F023A7700FF13E4 /* YZEmotionManager.h */,
				AC5C6D891F023A7700FF13E4 /* YZEmotionManager.m */,
				AC5C6D8A1F023A7700FF13E4 /* YZEmotionPageCell.h */,
				AC5C6D8B1F023A7700FF13E4 /* YZEmotionPageCell.m */,
				AC5C6D8C1F023A7700FF13E4 /* YZTextAttachment.h */,
				AC5C6D8D1F023A7700FF13E4 /* YZTextAttachment.m */,
			);
			path = YZEmotionKeyboard;
			sourceTree = "<group>";
		};
		AC5C6D7A1F023A7700FF13E4 /* Resource */ = {
			isa = PBXGroup;
			children = (
				AC5C6D7B1F023A7700FF13E4 /* Emotion.bundle */,
				AC5C6D7C1F023A7700FF13E4 /* emotion.plist */,
				AC5C6D7D1F023A7700FF13E4 /* emotionToText.plist */,
			);
			path = Resource;
			sourceTree = "<group>";
		};
		AC5E085A1F03448500206E9D /* CustomVC */ = {
			isa = PBXGroup;
			children = (
				AC5E085B1F03448500206E9D /* RCDCustomerServiceViewController.h */,
				AC5E085C1F03448500206E9D /* RCDCustomerServiceViewController.m */,
			);
			path = CustomVC;
			sourceTree = "<group>";
		};
		AC5E085E1F03587C00206E9D /* image */ = {
			isa = PBXGroup;
			children = (
				AC5E08711F0388A100206E9D /* BG.png */,
				AC5E08721F0388A100206E9D /* BG@2x.png */,
				AC5E08731F0388A100206E9D /* BG@3x.png */,
				AC5E086B1F03840A00206E9D /* input area.png */,
				AC5E086C1F03840A00206E9D /* input area@2x.png */,
				AC5E086D1F03840A00206E9D /* input area@3x.png */,
				AC5E08651F0383F700206E9D /* 名字注意修改.png */,
				AC5E08661F0383F700206E9D /* 名字注意修改@2x.png */,
				AC5E08671F0383F700206E9D /* 名字注意修改@3x.png */,
				AC5E085F1F03587C00206E9D /* chat smile.png */,
				AC5E08601F03587C00206E9D /* chat smile@2x.png */,
				AC5E08611F03587C00206E9D /* chat smile@3x.png */,
			);
			path = image;
			sourceTree = "<group>";
		};
		F125F52607401527857F437C /* Frameworks */ = {
			isa = PBXGroup;
			children = (
				758CA70FF18AFF2A39D4EA0F /* libPods-融云客服测试.a */,
			);
			name = Frameworks;
			sourceTree = "<group>";
		};
/* End PBXGroup section */

/* Begin PBXNativeTarget section */
		AC5C6D571F022F0200FF13E4 /* 融云客服测试 */ = {
			isa = PBXNativeTarget;
			buildConfigurationList = AC5C6D6F1F022F0200FF13E4 /* Build configuration list for PBXNativeTarget "融云客服测试" */;
			buildPhases = (
				4C976D02264F3D5AD6A72FE5 /* [CP] Check Pods Manifest.lock */,
				AC5C6D541F022F0200FF13E4 /* Sources */,
				AC5C6D551F022F0200FF13E4 /* Frameworks */,
				AC5C6D561F022F0200FF13E4 /* Resources */,
				AABCF53A0F472B6538881F26 /* [CP] Embed Pods Frameworks */,
				2533AA49B9D3E6D0BD1320B3 /* [CP] Copy Pods Resources */,
			);
			buildRules = (
			);
			dependencies = (
			);
			name = "融云客服测试";
			productName = "融云客服测试";
			productReference = AC5C6D581F022F0200FF13E4 /* 融云客服测试.app */;
			productType = "com.apple.product-type.application";
		};
/* End PBXNativeTarget section */

/* Begin PBXProject section */
		AC5C6D501F022F0200FF13E4 /* Project object */ = {
			isa = PBXProject;
			attributes = {
				LastUpgradeCheck = 0830;
				ORGANIZATIONNAME = gagakj;
				TargetAttributes = {
					AC5C6D571F022F0200FF13E4 = {
						CreatedOnToolsVersion = 8.3.2;
						DevelopmentTeam = QBNK5RXUG7;
						ProvisioningStyle = Automatic;
					};
				};
			};
			buildConfigurationList = AC5C6D531F022F0200FF13E4 /* Build configuration list for PBXProject "融云客服测试" */;
			compatibilityVersion = "Xcode 3.2";
			developmentRegion = English;
			hasScannedForEncodings = 0;
			knownRegions = (
				en,
				Base,
			);
			mainGroup = AC5C6D4F1F022F0200FF13E4;
			productRefGroup = AC5C6D591F022F0200FF13E4 /* Products */;
			projectDirPath = "";
			projectRoot = "";
			targets = (
				AC5C6D571F022F0200FF13E4 /* 融云客服测试 */,
			);
		};
/* End PBXProject section */

/* Begin PBXResourcesBuildPhase section */
		AC5C6D561F022F0200FF13E4 /* Resources */ = {
			isa = PBXResourcesBuildPhase;
			buildActionMask = 2147483647;
			files = (
				AC5C6D6B1F022F0200FF13E4 /* LaunchScreen.storyboard in Resources */,
				AC5C6D8E1F023A7700FF13E4 /* Emotion.bundle in Resources */,
				AC5E08701F03840A00206E9D /* input area@3x.png in Resources */,
				AC5E08631F03587C00206E9D /* chat smile@2x.png in Resources */,
				AC5E08681F0383F700206E9D /* 名字注意修改.png in Resources */,
				AC5C6D8F1F023A7700FF13E4 /* emotion.plist in Resources */,
				AC5E08621F03587C00206E9D /* chat smile.png in Resources */,
				AC5C6D941F023A7700FF13E4 /* YZEmotionCell.xib in Resources */,
				AC5E086F1F03840A00206E9D /* input area@2x.png in Resources */,
				AC5E086E1F03840A00206E9D /* input area.png in Resources */,
				AC5C6D681F022F0200FF13E4 /* Assets.xcassets in Resources */,
				AC5C6D961F023A7700FF13E4 /* YZEmotionKeyboard.xib in Resources */,
				AC5E08761F0388A100206E9D /* BG@3x.png in Resources */,
				AC5C6D901F023A7700FF13E4 /* emotionToText.plist in Resources */,
				AC5C6D661F022F0200FF13E4 /* Main.storyboard in Resources */,
				AC5E08741F0388A100206E9D /* BG.png in Resources */,
				AC5E086A1F0383F700206E9D /* 名字注意修改@3x.png in Resources */,
				AC5E08641F03587C00206E9D /* chat smile@3x.png in Resources */,
				AC5E08751F0388A100206E9D /* BG@2x.png in Resources */,
				AC5E08691F0383F700206E9D /* 名字注意修改@2x.png in Resources */,
			);
			runOnlyForDeploymentPostprocessing = 0;
		};
/* End PBXResourcesBuildPhase section */

/* Begin PBXShellScriptBuildPhase section */
		2533AA49B9D3E6D0BD1320B3 /* [CP] Copy Pods Resources */ = {
			isa = PBXShellScriptBuildPhase;
			buildActionMask = 2147483647;
			files = (
			);
			inputPaths = (
			);
			name = "[CP] Copy Pods Resources";
			outputPaths = (
			);
			runOnlyForDeploymentPostprocessing = 0;
			shellPath = /bin/sh;
			shellScript = "\"${SRCROOT}/Pods/Target Support Files/Pods-融云客服测试/Pods-融云客服测试-resources.sh\"\n";
			showEnvVarsInLog = 0;
		};
		4C976D02264F3D5AD6A72FE5 /* [CP] Check Pods Manifest.lock */ = {
			isa = PBXShellScriptBuildPhase;
			buildActionMask = 2147483647;
			files = (
			);
			inputPaths = (
			);
			name = "[CP] Check Pods Manifest.lock";
			outputPaths = (
			);
			runOnlyForDeploymentPostprocessing = 0;
			shellPath = /bin/sh;
			shellScript = "diff \"${PODS_PODFILE_DIR_PATH}/Podfile.lock\" \"${PODS_ROOT}/Manifest.lock\" > /dev/null\nif [ $? != 0 ] ; then\n    # print error to STDERR\n    echo \"error: The sandbox is not in sync with the Podfile.lock. Run 'pod install' or update your CocoaPods installation.\" >&2\n    exit 1\nfi\n";
			showEnvVarsInLog = 0;
		};
		AABCF53A0F472B6538881F26 /* [CP] Embed Pods Frameworks */ = {
			isa = PBXShellScriptBuildPhase;
			buildActionMask = 2147483647;
			files = (
			);
			inputPaths = (
			);
			name = "[CP] Embed Pods Frameworks";
			outputPaths = (
			);
			runOnlyForDeploymentPostprocessing = 0;
			shellPath = /bin/sh;
			shellScript = "\"${SRCROOT}/Pods/Target Support Files/Pods-融云客服测试/Pods-融云客服测试-frameworks.sh\"\n";
			showEnvVarsInLog = 0;
		};
/* End PBXShellScriptBuildPhase section */

/* Begin PBXSourcesBuildPhase section */
		AC5C6D541F022F0200FF13E4 /* Sources */ = {
			isa = PBXSourcesBuildPhase;
			buildActionMask = 2147483647;
			files = (
				AC5C6D971F023A7700FF13E4 /* YZEmotionManager.m in Sources */,
				AC5E085D1F03448500206E9D /* RCDCustomerServiceViewController.m in Sources */,
				AC5C6D931F023A7700FF13E4 /* YZEmotionCell.m in Sources */,
				AC5C6D991F023A7700FF13E4 /* YZTextAttachment.m in Sources */,
				AC5C6DA01F0251CA00FF13E4 /* ChatTableViewCell.m in Sources */,
				AC5C6D631F022F0200FF13E4 /* ViewController.m in Sources */,
				AC5C6D601F022F0200FF13E4 /* AppDelegate.m in Sources */,
				AC5C6D9C1F023C9300FF13E4 /* UIView+Frame.m in Sources */,
				AC5C6D921F023A7700FF13E4 /* UITextView+YZEmotion.m in Sources */,
				AC5C6D781F0233E900FF13E4 /* ChatViewController.m in Sources */,
				AC5C6D751F02327E00FF13E4 /* YZInputView.m in Sources */,
				AC5C6D951F023A7700FF13E4 /* YZEmotionKeyboard.m in Sources */,
				AC5C6D911F023A7700FF13E4 /* UITextField+YZEmotion.m in Sources */,
				AC5C6D5D1F022F0200FF13E4 /* main.m in Sources */,
				AC5C6D981F023A7700FF13E4 /* YZEmotionPageCell.m in Sources */,
			);
			runOnlyForDeploymentPostprocessing = 0;
		};
/* End PBXSourcesBuildPhase section */

/* Begin PBXVariantGroup section */
		AC5C6D641F022F0200FF13E4 /* Main.storyboard */ = {
			isa = PBXVariantGroup;
			children = (
				AC5C6D651F022F0200FF13E4 /* Base */,
			);
			name = Main.storyboard;
			sourceTree = "<group>";
		};
		AC5C6D691F022F0200FF13E4 /* LaunchScreen.storyboard */ = {
			isa = PBXVariantGroup;
			children = (
				AC5C6D6A1F022F0200FF13E4 /* Base */,
			);
			name = LaunchScreen.storyboard;
			sourceTree = "<group>";
		};
/* End PBXVariantGroup section */

/* Begin XCBuildConfiguration section */
		AC5C6D6D1F022F0200FF13E4 /* Debug */ = {
			isa = XCBuildConfiguration;
			buildSettings = {
				ALWAYS_SEARCH_USER_PATHS = NO;
				CLANG_ANALYZER_NONNULL = YES;
				CLANG_ANALYZER_NUMBER_OBJECT_CONVERSION = YES_AGGRESSIVE;
				CLANG_CXX_LANGUAGE_STANDARD = "gnu++0x";
				CLANG_CXX_LIBRARY = "libc++";
				CLANG_ENABLE_MODULES = YES;
				CLANG_ENABLE_OBJC_ARC = YES;
				CLANG_WARN_BOOL_CONVERSION = YES;
				CLANG_WARN_CONSTANT_CONVERSION = YES;
				CLANG_WARN_DIRECT_OBJC_ISA_USAGE = YES_ERROR;
				CLANG_WARN_DOCUMENTATION_COMMENTS = YES;
				CLANG_WARN_EMPTY_BODY = YES;
				CLANG_WARN_ENUM_CONVERSION = YES;
				CLANG_WARN_INFINITE_RECURSION = YES;
				CLANG_WARN_INT_CONVERSION = YES;
				CLANG_WARN_OBJC_ROOT_CLASS = YES_ERROR;
				CLANG_WARN_SUSPICIOUS_MOVE = YES;
				CLANG_WARN_UNREACHABLE_CODE = YES;
				CLANG_WARN__DUPLICATE_METHOD_MATCH = YES;
				"CODE_SIGN_IDENTITY[sdk=iphoneos*]" = "iPhone Developer";
				COPY_PHASE_STRIP = NO;
				DEBUG_INFORMATION_FORMAT = dwarf;
				ENABLE_STRICT_OBJC_MSGSEND = YES;
				ENABLE_TESTABILITY = YES;
				GCC_C_LANGUAGE_STANDARD = gnu99;
				GCC_DYNAMIC_NO_PIC = NO;
				GCC_NO_COMMON_BLOCKS = YES;
				GCC_OPTIMIZATION_LEVEL = 0;
				GCC_PREPROCESSOR_DEFINITIONS = (
					"DEBUG=1",
					"$(inherited)",
				);
				GCC_WARN_64_TO_32_BIT_CONVERSION = YES;
				GCC_WARN_ABOUT_RETURN_TYPE = YES_ERROR;
				GCC_WARN_UNDECLARED_SELECTOR = YES;
				GCC_WARN_UNINITIALIZED_AUTOS = YES_AGGRESSIVE;
				GCC_WARN_UNUSED_FUNCTION = YES;
				GCC_WARN_UNUSED_VARIABLE = YES;
				IPHONEOS_DEPLOYMENT_TARGET = 10.3;
				MTL_ENABLE_DEBUG_INFO = YES;
				ONLY_ACTIVE_ARCH = YES;
				SDKROOT = iphoneos;
				TARGETED_DEVICE_FAMILY = "1,2";
			};
			name = Debug;
		};
		AC5C6D6E1F022F0200FF13E4 /* Release */ = {
			isa = XCBuildConfiguration;
			buildSettings = {
				ALWAYS_SEARCH_USER_PATHS = NO;
				CLANG_ANALYZER_NONNULL = YES;
				CLANG_ANALYZER_NUMBER_OBJECT_CONVERSION = YES_AGGRESSIVE;
				CLANG_CXX_LANGUAGE_STANDARD = "gnu++0x";
				CLANG_CXX_LIBRARY = "libc++";
				CLANG_ENABLE_MODULES = YES;
				CLANG_ENABLE_OBJC_ARC = YES;
				CLANG_WARN_BOOL_CONVERSION = YES;
				CLANG_WARN_CONSTANT_CONVERSION = YES;
				CLANG_WARN_DIRECT_OBJC_ISA_USAGE = YES_ERROR;
				CLANG_WARN_DOCUMENTATION_COMMENTS = YES;
				CLANG_WARN_EMPTY_BODY = YES;
				CLANG_WARN_ENUM_CONVERSION = YES;
				CLANG_WARN_INFINITE_RECURSION = YES;
				CLANG_WARN_INT_CONVERSION = YES;
				CLANG_WARN_OBJC_ROOT_CLASS = YES_ERROR;
				CLANG_WARN_SUSPICIOUS_MOVE = YES;
				CLANG_WARN_UNREACHABLE_CODE = YES;
				CLANG_WARN__DUPLICATE_METHOD_MATCH = YES;
				"CODE_SIGN_IDENTITY[sdk=iphoneos*]" = "iPhone Developer";
				COPY_PHASE_STRIP = NO;
				DEBUG_INFORMATION_FORMAT = "dwarf-with-dsym";
				ENABLE_NS_ASSERTIONS = NO;
				ENABLE_STRICT_OBJC_MSGSEND = YES;
				GCC_C_LANGUAGE_STANDARD = gnu99;
				GCC_NO_COMMON_BLOCKS = YES;
				GCC_WARN_64_TO_32_BIT_CONVERSION = YES;
				GCC_WARN_ABOUT_RETURN_TYPE = YES_ERROR;
				GCC_WARN_UNDECLARED_SELECTOR = YES;
				GCC_WARN_UNINITIALIZED_AUTOS = YES_AGGRESSIVE;
				GCC_WARN_UNUSED_FUNCTION = YES;
				GCC_WARN_UNUSED_VARIABLE = YES;
				IPHONEOS_DEPLOYMENT_TARGET = 10.3;
				MTL_ENABLE_DEBUG_INFO = NO;
				SDKROOT = iphoneos;
				TARGETED_DEVICE_FAMILY = "1,2";
				VALIDATE_PRODUCT = YES;
			};
			name = Release;
		};
		AC5C6D701F022F0200FF13E4 /* Debug */ = {
			isa = XCBuildConfiguration;
			baseConfigurationReference = E6D4798CDE2F91F805E52B0F /* Pods-融云客服测试.debug.xcconfig */;
			buildSettings = {
				ASSETCATALOG_COMPILER_APPICON_NAME = AppIcon;
				DEVELOPMENT_TEAM = QBNK5RXUG7;
				GCC_PREFIX_HEADER = "$(SRCROOT)/融云客服测试/PrefixHeader.pch";
				INFOPLIST_FILE = "融云客服测试/Info.plist";
				IPHONEOS_DEPLOYMENT_TARGET = 9.1;
				LD_RUNPATH_SEARCH_PATHS = "$(inherited) @executable_path/Frameworks";
				PRODUCT_BUNDLE_IDENTIFIER = "gaga.------";
				PRODUCT_NAME = "$(TARGET_NAME)";
			};
			name = Debug;
		};
		AC5C6D711F022F0200FF13E4 /* Release */ = {
			isa = XCBuildConfiguration;
			baseConfigurationReference = 8CC545AD2823C162F0E560F3 /* Pods-融云客服测试.release.xcconfig */;
			buildSettings = {
				ASSETCATALOG_COMPILER_APPICON_NAME = AppIcon;
				DEVELOPMENT_TEAM = QBNK5RXUG7;
				GCC_PREFIX_HEADER = "$(SRCROOT)/融云客服测试/PrefixHeader.pch";
				INFOPLIST_FILE = "融云客服测试/Info.plist";
				IPHONEOS_DEPLOYMENT_TARGET = 9.1;
				LD_RUNPATH_SEARCH_PATHS = "$(inherited) @executable_path/Frameworks";
				PRODUCT_BUNDLE_IDENTIFIER = "gaga.------";
				PRODUCT_NAME = "$(TARGET_NAME)";
			};
			name = Release;
		};
/* End XCBuildConfiguration section */

/* Begin XCConfigurationList section */
		AC5C6D531F022F0200FF13E4 /* Build configuration list for PBXProject "融云客服测试" */ = {
			isa = XCConfigurationList;
			buildConfigurations = (
				AC5C6D6D1F022F0200FF13E4 /* Debug */,
				AC5C6D6E1F022F0200FF13E4 /* Release */,
			);
			defaultConfigurationIsVisible = 0;
			defaultConfigurationName = Release;
		};
		AC5C6D6F1F022F0200FF13E4 /* Build configuration list for PBXNativeTarget "融云客服测试" */ = {
			isa = XCConfigurationList;
			buildConfigurations = (
				AC5C6D701F022F0200FF13E4 /* Debug */,
				AC5C6D711F022F0200FF13E4 /* Release */,
			);
			defaultConfigurationIsVisible = 0;
			defaultConfigurationName = Release;
		};
/* End XCConfigurationList section */
	};
	rootObject = AC5C6D501F022F0200FF13E4 /* Project object */;
}
